
Microsoft Visual Studio Solution File, Format Version 12.00
# Visual Studio 15
VisualStudioVersion = 15.0.28307.421
MinimumVisualStudioVersion = 10.0.40219.1
Project("{8BC9CEB8-8B4A-11D0-8D11-00A0C91BC942}") = "Sandbox", "..\Sandbox\Sandbox.vcxproj", "{2752E11A-3D26-4369-8B4C-3384AF1807E4}"
EndProject
Project("{8BC9CEB8-8B4A-11D0-8D11-00A0C91BC942}") = "Hazel", "Hazel\Hazel.vcxproj", "{64D33823-A7C8-4CD4-8568-68D7E56594F5}"
EndProject
Global
	GlobalSection(SolutionConfigurationPlatforms) = preSolution
		Debug|x64 = Debug|x64
		Release|x64 = Release|x64
	EndGlobalSection
	GlobalSection(ProjectConfigurationPlatforms) = postSolution
		{64D33823-A7C8-4CD4-8568-68D7E56594F5}.Debug|x64.ActiveCfg = Debug|x64
		{64D33823-A7C8-4CD4-8568-68D7E56594F5}.Debug|x64.Build.0 = Debug|x64
		{64D33823-A7C8-4CD4-8568-68D7E56594F5}.Release|x64.ActiveCfg = Release|x64
		{64D33823-A7C8-4CD4-8568-68D7E56594F5}.Release|x64.Build.0 = Release|x64
		{2752E11A-3D26-4369-8B4C-3384AF1807E4}.Debug|x64.ActiveCfg = Debug|x64
		{2752E11A-3D26-4369-8B4C-3384AF1807E4}.Debug|x64.Build.0 = Debug|x64
		{2752E11A-3D26-4369-8B4C-3384AF1807E4}.Release|x64.ActiveCfg = Release|x64
		{2752E11A-3D26-4369-8B4C-3384AF1807E4}.Release|x64.Build.0 = Release|x64
	EndGlobalSection
	GlobalSection(SolutionProperties) = preSolution
		HideSolutionNode = FALSE
	EndGlobalSection
	GlobalSection(ExtensibilityGlobals) = postSolution
		SolutionGuid = {936464C5-EA2E-4B83-9053-EE7394CB317D}
	EndGlobalSection
EndGlobal
